
Microsoft Visual Studio Solution File, Format Version 12.00
# Visual Studio 15
VisualStudioVersion = 15.0.28307.1340
MinimumVisualStudioVersion = 10.0.40219.1
Project("{9A19103F-16F7-4668-BE54-9A1E7A4F7556}") = "DataAccess", "DataAccess\DataAccess.csproj", "{5E3DD3B1-97D4-4FD6-AEFF-576D9CA30531}"
EndProject
Project("{9A19103F-16F7-4668-BE54-9A1E7A4F7556}") = "Business", "Business\Business.csproj", "{BE5FECAD-A4E7-45EB-8A0B-45061DDF969E}"
EndProject
Project("{9A19103F-16F7-4668-BE54-9A1E7A4F7556}") = "Entities", "Entities\Entities.csproj", "{6B99612E-E141-4F6C-A50B-ECC9F60F2C9F}"
EndProject
Project("{FAE04EC0-301F-11D3-BF4B-00C04F79EFBC}") = "ConsoleUI", "ConsoleUI\ConsoleUI.csproj", "{A0E8C626-A1F9-432F-9F22-B5C261122FE1}"
EndProject
Global
	GlobalSection(SolutionConfigurationPlatforms) = preSolution
		Debug|Any CPU = Debug|Any CPU
		Release|Any CPU = Release|Any CPU
	EndGlobalSection
	GlobalSection(ProjectConfigurationPlatforms) = postSolution
		{5E3DD3B1-97D4-4FD6-AEFF-576D9CA30531}.Debug|Any CPU.ActiveCfg = Debug|Any CPU
		{5E3DD3B1-97D4-4FD6-AEFF-576D9CA30531}.Debug|Any CPU.Build.0 = Debug|Any CPU
		{5E3DD3B1-97D4-4FD6-AEFF-576D9CA30531}.Release|Any CPU.ActiveCfg = Release|Any CPU
		{5E3DD3B1-97D4-4FD6-AEFF-576D9CA30531}.Release|Any CPU.Build.0 = Release|Any CPU
		{BE5FECAD-A4E7-45EB-8A0B-45061DDF969E}.Debug|Any CPU.ActiveCfg = Debug|Any CPU
		{BE5FECAD-A4E7-45EB-8A0B-45061DDF969E}.Debug|Any CPU.Build.0 = Debug|Any CPU
		{BE5FECAD-A4E7-45EB-8A0B-45061DDF969E}.Release|Any CPU.ActiveCfg = Release|Any CPU
		{BE5FECAD-A4E7-45EB-8A0B-45061DDF969E}.Release|Any CPU.Build.0 = Release|Any CPU
		{6B99612E-E141-4F6C-A50B-ECC9F60F2C9F}.Debug|Any CPU.ActiveCfg = Debug|Any CPU
		{6B99612E-E141-4F6C-A50B-ECC9F60F2C9F}.Debug|Any CPU.Build.0 = Debug|Any CPU
		{6B99612E-E141-4F6C-A50B-ECC9F60F2C9F}.Release|Any CPU.ActiveCfg = Release|Any CPU
		{6B99612E-E141-4F6C-A50B-ECC9F60F2C9F}.Release|Any CPU.Build.0 = Release|Any CPU
		{A0E8C626-A1F9-432F-9F22-B5C261122FE1}.Debug|Any CPU.ActiveCfg = Debug|Any CPU
		{A0E8C626-A1F9-432F-9F22-B5C261122FE1}.Debug|Any CPU.Build.0 = Debug|Any CPU
		{A0E8C626-A1F9-432F-9F22-B5C261122FE1}.Release|Any CPU.ActiveCfg = Release|Any CPU
		{A0E8C626-A1F9-432F-9F22-B5C261122FE1}.Release|Any CPU.Build.0 = Release|Any CPU
	EndGlobalSection
	GlobalSection(SolutionProperties) = preSolution
		HideSolutionNode = FALSE
	EndGlobalSection
	GlobalSection(ExtensibilityGlobals) = postSolution
		SolutionGuid = {DED0E9F3-2E7F-409B-A8E7-C0C4F2F7296D}
	EndGlobalSection
EndGlobal
